
Microsoft Visual Studio Solution File, Format Version 12.00
# Visual Studio Version 17
VisualStudioVersion = 17.11.35208.52
MinimumVisualStudioVersion = 10.0.40219.1
Project("{888888A0-9F3D-457C-B088-3A5042F75D52}") = "CSt2", "CSt2\CSt2.pyproj", "{10CB1658-17F1-413D-87FD-95A4DBF99B3A}"
EndProject
Global
	GlobalSection(SolutionConfigurationPlatforms) = preSolution
		Debug|Any CPU = Debug|Any CPU
		Release|Any CPU = Release|Any CPU
	EndGlobalSection
	GlobalSection(ProjectConfigurationPlatforms) = postSolution
		{10CB1658-17F1-413D-87FD-95A4DBF99B3A}.Debug|Any CPU.ActiveCfg = Debug|Any CPU
		{10CB1658-17F1-413D-87FD-95A4DBF99B3A}.Release|Any CPU.ActiveCfg = Release|Any CPU
	EndGlobalSection
	GlobalSection(SolutionProperties) = preSolution
		HideSolutionNode = FALSE
	EndGlobalSection
	GlobalSection(ExtensibilityGlobals) = postSolution
		SolutionGuid = {51BF2787-917A-46CE-888F-F9FF18AB35E4}
	EndGlobalSection
EndGlobal
